
Microsoft Visual Studio Solution File, Format Version 12.00
# Visual Studio Version 17
VisualStudioVersion = 17.11.35219.272
MinimumVisualStudioVersion = 10.0.40219.1
Project("{FAE04EC0-301F-11D3-BF4B-00C04F79EFBC}") = "Week 3 Exercise 1", "Week 3 Exercise 1\Week 3 Exercise 1.csproj", "{FE9AAA46-517E-4342-8767-2ACDF8701C86}"
EndProject
Global
	GlobalSection(SolutionConfigurationPlatforms) = preSolution
		Debug|Any CPU = Debug|Any CPU
		Release|Any CPU = Release|Any CPU
	EndGlobalSection
	GlobalSection(ProjectConfigurationPlatforms) = postSolution
		{FE9AAA46-517E-4342-8767-2ACDF8701C86}.Debug|Any CPU.ActiveCfg = Debug|Any CPU
		{FE9AAA46-517E-4342-8767-2ACDF8701C86}.Debug|Any CPU.Build.0 = Debug|Any CPU
		{FE9AAA46-517E-4342-8767-2ACDF8701C86}.Release|Any CPU.ActiveCfg = Release|Any CPU
		{FE9AAA46-517E-4342-8767-2ACDF8701C86}.Release|Any CPU.Build.0 = Release|Any CPU
	EndGlobalSection
	GlobalSection(SolutionProperties) = preSolution
		HideSolutionNode = FALSE
	EndGlobalSection
	GlobalSection(ExtensibilityGlobals) = postSolution
		SolutionGuid = {DCA82E76-6A44-41D5-B33D-97EE015F7638}
	EndGlobalSection
EndGlobal
